
Microsoft Visual Studio Solution File, Format Version 12.00
# Visual Studio 15
VisualStudioVersion = 15.0.28010.2050
MinimumVisualStudioVersion = 10.0.40219.1
Project("{FAE04EC0-301F-11D3-BF4B-00C04F79EFBC}") = "MagazynCzesciSamochodowych", "MagazynCzesciSamochodowych\MagazynCzesciSamochodowych.csproj", "{93B07E3A-49C4-4AD8-9D82-58F8C66B324F}"
EndProject
Project("{FAE04EC0-301F-11D3-BF4B-00C04F79EFBC}") = "MagazynCzesciSamochodowychTests", "MagazynCzesciSamochodowychTests\MagazynCzesciSamochodowychTests.csproj", "{CE6D984A-F19E-40D2-BEAA-D5A78E852E40}"
EndProject
Global
	GlobalSection(SolutionConfigurationPlatforms) = preSolution
		Debug|Any CPU = Debug|Any CPU
		Release|Any CPU = Release|Any CPU
	EndGlobalSection
	GlobalSection(ProjectConfigurationPlatforms) = postSolution
		{93B07E3A-49C4-4AD8-9D82-58F8C66B324F}.Debug|Any CPU.ActiveCfg = Debug|Any CPU
		{93B07E3A-49C4-4AD8-9D82-58F8C66B324F}.Debug|Any CPU.Build.0 = Debug|Any CPU
		{93B07E3A-49C4-4AD8-9D82-58F8C66B324F}.Release|Any CPU.ActiveCfg = Release|Any CPU
		{93B07E3A-49C4-4AD8-9D82-58F8C66B324F}.Release|Any CPU.Build.0 = Release|Any CPU
		{CE6D984A-F19E-40D2-BEAA-D5A78E852E40}.Debug|Any CPU.ActiveCfg = Debug|Any CPU
		{CE6D984A-F19E-40D2-BEAA-D5A78E852E40}.Debug|Any CPU.Build.0 = Debug|Any CPU
		{CE6D984A-F19E-40D2-BEAA-D5A78E852E40}.Release|Any CPU.ActiveCfg = Release|Any CPU
		{CE6D984A-F19E-40D2-BEAA-D5A78E852E40}.Release|Any CPU.Build.0 = Release|Any CPU
	EndGlobalSection
	GlobalSection(SolutionProperties) = preSolution
		HideSolutionNode = FALSE
	EndGlobalSection
	GlobalSection(ExtensibilityGlobals) = postSolution
		SolutionGuid = {B6B80A82-BEB5-4F84-9717-57EFE12878E1}
	EndGlobalSection
EndGlobal
